
Microsoft Visual Studio Solution File, Format Version 12.00
# Visual Studio 15
VisualStudioVersion = 15.0.28010.2036
MinimumVisualStudioVersion = 10.0.40219.1
Project("{FAE04EC0-301F-11D3-BF4B-00C04F79EFBC}") = "vbpat", "vbpat\vbpat.csproj", "{F43F2A8E-2918-4AFD-9E2D-03979F326EA8}"
EndProject
Global
	GlobalSection(SolutionConfigurationPlatforms) = preSolution
		Debug|Any CPU = Debug|Any CPU
		Release|Any CPU = Release|Any CPU
	EndGlobalSection
	GlobalSection(ProjectConfigurationPlatforms) = postSolution
		{F43F2A8E-2918-4AFD-9E2D-03979F326EA8}.Debug|Any CPU.ActiveCfg = Debug|Any CPU
		{F43F2A8E-2918-4AFD-9E2D-03979F326EA8}.Debug|Any CPU.Build.0 = Debug|Any CPU
		{F43F2A8E-2918-4AFD-9E2D-03979F326EA8}.Release|Any CPU.ActiveCfg = Release|Any CPU
		{F43F2A8E-2918-4AFD-9E2D-03979F326EA8}.Release|Any CPU.Build.0 = Release|Any CPU
	EndGlobalSection
	GlobalSection(SolutionProperties) = preSolution
		HideSolutionNode = FALSE
	EndGlobalSection
	GlobalSection(ExtensibilityGlobals) = postSolution
		SolutionGuid = {D5F30D8E-300B-43FF-8337-8CDE6AB11DCB}
	EndGlobalSection
EndGlobal
